# THIS IS AN AUTOGENERATED FILE. DO NOT EDIT THIS FILE DIRECTLY.
# yarn lockfile v1


react-hook-form@^7.45.2:
  version "7.45.2"
  resolved "https://registry.yarnpkg.com/react-hook-form/-/react-hook-form-7.45.2.tgz#c757f3d5e633ccb186443d57c10fc511df35721a"
  integrity sha512-9s45OdTaKN+4NSTbXVqeDITd/nwIg++nxJGL8+OD5uf1DxvhsXQ641kaYHk5K28cpIOTYm71O/fYk7rFaygb3A==
